
Microsoft Visual Studio Solution File, Format Version 12.00
# Visual Studio Version 17
VisualStudioVersion = 17.3.32804.467
MinimumVisualStudioVersion = 10.0.40219.1
Project("{FAE04EC0-301F-11D3-BF4B-00C04F79EFBC}") = "hw.18.4", "hw.18.4\hw.18.4.csproj", "{D61A1AC5-AE84-4E8C-BCD1-465340C0978E}"
EndProject
Global
	GlobalSection(SolutionConfigurationPlatforms) = preSolution
		Debug|Any CPU = Debug|Any CPU
		Release|Any CPU = Release|Any CPU
	EndGlobalSection
	GlobalSection(ProjectConfigurationPlatforms) = postSolution
		{D61A1AC5-AE84-4E8C-BCD1-465340C0978E}.Debug|Any CPU.ActiveCfg = Debug|Any CPU
		{D61A1AC5-AE84-4E8C-BCD1-465340C0978E}.Debug|Any CPU.Build.0 = Debug|Any CPU
		{D61A1AC5-AE84-4E8C-BCD1-465340C0978E}.Release|Any CPU.ActiveCfg = Release|Any CPU
		{D61A1AC5-AE84-4E8C-BCD1-465340C0978E}.Release|Any CPU.Build.0 = Release|Any CPU
	EndGlobalSection
	GlobalSection(SolutionProperties) = preSolution
		HideSolutionNode = FALSE
	EndGlobalSection
	GlobalSection(ExtensibilityGlobals) = postSolution
		SolutionGuid = {3E7921A5-C149-4583-A042-D279ED0281AA}
	EndGlobalSection
EndGlobal
